
Microsoft Visual Studio Solution File, Format Version 11.00
# Visual Studio 2010
Project("{FAE04EC0-301F-11D3-BF4B-00C04F79EFBC}") = "COMP30019-project2", "Assembly-CSharp-firstpass.csproj", "{C6A61DCB-99FA-B46E-C848-D30A9B2DF348}"
EndProject
Project("{FAE04EC0-301F-11D3-BF4B-00C04F79EFBC}") = "COMP30019-project2", "Assembly-CSharp.csproj", "{A13AA692-6139-F7BA-BAF2-5A7D8E2BB3C4}"
EndProject
Project("{FAE04EC0-301F-11D3-BF4B-00C04F79EFBC}") = "COMP30019-project2", "Assembly-CSharp-Editor-firstpass.csproj", "{8A0DA333-2545-31AB-FE0A-49555EF2AEA1}"
EndProject
Global
	GlobalSection(SolutionConfigurationPlatforms) = preSolution
		Debug|Any CPU = Debug|Any CPU
		Release|Any CPU = Release|Any CPU
	EndGlobalSection
	GlobalSection(ProjectConfigurationPlatforms) = postSolution
		{C6A61DCB-99FA-B46E-C848-D30A9B2DF348}.Debug|Any CPU.ActiveCfg = Debug|Any CPU
		{C6A61DCB-99FA-B46E-C848-D30A9B2DF348}.Debug|Any CPU.Build.0 = Debug|Any CPU
		{C6A61DCB-99FA-B46E-C848-D30A9B2DF348}.Release|Any CPU.ActiveCfg = Release|Any CPU
		{C6A61DCB-99FA-B46E-C848-D30A9B2DF348}.Release|Any CPU.Build.0 = Release|Any CPU
		{A13AA692-6139-F7BA-BAF2-5A7D8E2BB3C4}.Debug|Any CPU.ActiveCfg = Debug|Any CPU
		{A13AA692-6139-F7BA-BAF2-5A7D8E2BB3C4}.Debug|Any CPU.Build.0 = Debug|Any CPU
		{A13AA692-6139-F7BA-BAF2-5A7D8E2BB3C4}.Release|Any CPU.ActiveCfg = Release|Any CPU
		{A13AA692-6139-F7BA-BAF2-5A7D8E2BB3C4}.Release|Any CPU.Build.0 = Release|Any CPU
		{8A0DA333-2545-31AB-FE0A-49555EF2AEA1}.Debug|Any CPU.ActiveCfg = Debug|Any CPU
		{8A0DA333-2545-31AB-FE0A-49555EF2AEA1}.Debug|Any CPU.Build.0 = Debug|Any CPU
		{8A0DA333-2545-31AB-FE0A-49555EF2AEA1}.Release|Any CPU.ActiveCfg = Release|Any CPU
		{8A0DA333-2545-31AB-FE0A-49555EF2AEA1}.Release|Any CPU.Build.0 = Release|Any CPU
	EndGlobalSection
	GlobalSection(SolutionProperties) = preSolution
		HideSolutionNode = FALSE
	EndGlobalSection
	GlobalSection(MonoDevelopProperties) = preSolution
		StartupItem = Assembly-CSharp.csproj
	EndGlobalSection
EndGlobal
